<?xml version="1.0" encoding="utf-8"?>
<Project ToolsVersion="4.0" xmlns="http://schemas.microsoft.com/developer/msbuild/2003">
  <ItemGroup>
    <Filter Include="Исходные файлы">
      <UniqueIdentifier>{4FC737F1-C7A5-4376-A066-2A32D752A2FF}</UniqueIdentifier>
      <Extensions>cpp;c;cc;cxx;c++;cppm;ixx;def;odl;idl;hpj;bat;asm;asmx</Extensions>
    </Filter>
    <Filter Include="Файлы заголовков">
      <UniqueIdentifier>{93995380-89BD-4b04-88EB-625FBE52EBFB}</UniqueIdentifier>
      <Extensions>h;hh;hpp;hxx;h++;hm;inl;inc;ipp;xsd</Extensions>
    </Filter>
    <Filter Include="Файлы ресурсов">
      <UniqueIdentifier>{67DA6AB6-F800-4c08-8B7A-83BB121AAD01}</UniqueIdentifier>
      <Extensions>rc;ico;cur;bmp;dlg;rc2;rct;bin;rgs;gif;jpg;jpeg;jpe;resx;tiff;tif;png;wav;mfcribbon-ms</Extensions>
    </Filter>
    <Filter Include="Файлы заголовков\Game">
      <UniqueIdentifier>{04dd7c9e-de6f-4c07-9de6-e047389a49f2}</UniqueIdentifier>
    </Filter>
    <Filter Include="Файлы заголовков\Game\Entities">
      <UniqueIdentifier>{df8ac129-7b42-43a8-ac7f-b0ee43284844}</UniqueIdentifier>
    </Filter>
    <Filter Include="Исходные файлы\Game">
      <UniqueIdentifier>{c76fbd70-bf26-4384-8ac8-1bdcb9bdfe4c}</UniqueIdentifier>
    </Filter>
    <Filter Include="Исходные файлы\Game\Entities">
      <UniqueIdentifier>{dad412ba-7a81-40ac-be01-e20bd8084039}</UniqueIdentifier>
    </Filter>
    <Filter Include="Исходные файлы\Game\Scripts">
      <UniqueIdentifier>{1d47ae58-4f34-4957-b400-40309a7e09f6}</UniqueIdentifier>
    </Filter>
    <Filter Include="Файлы заголовков\Game\Scripts">
      <UniqueIdentifier>{8f55ed8b-8526-408e-a614-b1a26cc73ebf}</UniqueIdentifier>
    </Filter>
    <Filter Include="Файлы заголовков\Scene">
      <UniqueIdentifier>{91896935-336a-4c69-b5d8-4895d458c5c1}</UniqueIdentifier>
    </Filter>
    <Filter Include="Исходные файлы\Scene">
      <UniqueIdentifier>{f045e3c9-4fdb-4a29-a0d8-ad0eb7254636}</UniqueIdentifier>
    </Filter>
    <Filter Include="Файлы заголовков\Input">
      <UniqueIdentifier>{aa238628-b7e9-4247-bb2b-9da5228b1dde}</UniqueIdentifier>
    </Filter>
    <Filter Include="Исходные файлы\Input">
      <UniqueIdentifier>{bb749f24-7c43-475d-ab96-2a428b6b22fc}</UniqueIdentifier>
    </Filter>
    <Filter Include="Файлы заголовков\Editor">
      <UniqueIdentifier>{92eb8220-deb1-4608-afd3-f3a1c3b52918}</UniqueIdentifier>
    </Filter>
    <Filter Include="Исходные файлы\Editor">
      <UniqueIdentifier>{e7a9d0d4-e4e6-4803-97cb-076254599ec5}</UniqueIdentifier>
    </Filter>
  </ItemGroup>
  <ItemGroup>
    <ClCompile Include="3DGraphics.cpp">
      <Filter>Исходные файлы</Filter>
    </ClCompile>
    <ClCompile Include="Player.cpp">
      <Filter>Исходные файлы\Game\Entities</Filter>
    </ClCompile>
    <ClCompile Include="GameManager.cpp">
      <Filter>Исходные файлы\Game</Filter>
    </ClCompile>
    <ClCompile Include="PlayerControllerComponent.cpp">
      <Filter>Исходные файлы\Game\Scripts</Filter>
    </ClCompile>
    <ClCompile Include="Scene.cpp">
      <Filter>Исходные файлы\Scene</Filter>
    </ClCompile>
    <ClCompile Include="SceneFactory.cpp">
      <Filter>Исходные файлы\Scene</Filter>
    </ClCompile>
    <ClCompile Include="InputManager.cpp">
      <Filter>Исходные файлы\Input</Filter>
    </ClCompile>
    <ClCompile Include="GuiManager.cpp">
      <Filter>Исходные файлы\Editor</Filter>
    </ClCompile>
    <ClCompile Include="EditorManager.cpp">
      <Filter>Исходные файлы\Editor</Filter>
    </ClCompile>
  </ItemGroup>
  <ItemGroup>
    <ClInclude Include="resource.h">
      <Filter>Файлы заголовков</Filter>
    </ClInclude>
    <ClInclude Include="Player.h">
      <Filter>Файлы заголовков\Game\Entities</Filter>
    </ClInclude>
    <ClInclude Include="GameManager.h">
      <Filter>Файлы заголовков\Game</Filter>
    </ClInclude>
    <ClInclude Include="PlayerControllerComponent.h">
      <Filter>Файлы заголовков\Game\Scripts</Filter>
    </ClInclude>
    <ClInclude Include="Scene.h">
      <Filter>Файлы заголовков\Scene</Filter>
    </ClInclude>
    <ClInclude Include="SceneFactory.h">
      <Filter>Файлы заголовков\Scene</Filter>
    </ClInclude>
    <ClInclude Include="InputManager.h">
      <Filter>Файлы заголовков\Input</Filter>
    </ClInclude>
    <ClInclude Include="GuiManager.h">
      <Filter>Файлы заголовков\Editor</Filter>
    </ClInclude>
    <ClInclude Include="EditorManager.h">
      <Filter>Файлы заголовков\Editor</Filter>
    </ClInclude>
  </ItemGroup>
  <ItemGroup>
    <ResourceCompile Include="3DGraphics.rc">
      <Filter>Файлы ресурсов</Filter>
    </ResourceCompile>
  </ItemGroup>
</Project>